
Microsoft Visual Studio Solution File, Format Version 12.00
# Visual Studio Version 17
VisualStudioVersion = 17.2.32519.379
MinimumVisualStudioVersion = 10.0.40219.1
Project("{FAE04EC0-301F-11D3-BF4B-00C04F79EFBC}") = "Server", "Server.csproj", "{45725AC8-79C4-4F3F-AE24-58E8CDE113B0}"
EndProject
Project("{FAE04EC0-301F-11D3-BF4B-00C04F79EFBC}") = "Client", "..\Client\Client.csproj", "{8717E136-E6CD-4CBF-B56E-99B03BB34114}"
EndProject
Global
	GlobalSection(SolutionConfigurationPlatforms) = preSolution
		Debug|Any CPU = Debug|Any CPU
		Release|Any CPU = Release|Any CPU
	EndGlobalSection
	GlobalSection(ProjectConfigurationPlatforms) = postSolution
		{45725AC8-79C4-4F3F-AE24-58E8CDE113B0}.Debug|Any CPU.ActiveCfg = Debug|Any CPU
		{45725AC8-79C4-4F3F-AE24-58E8CDE113B0}.Debug|Any CPU.Build.0 = Debug|Any CPU
		{45725AC8-79C4-4F3F-AE24-58E8CDE113B0}.Release|Any CPU.ActiveCfg = Release|Any CPU
		{45725AC8-79C4-4F3F-AE24-58E8CDE113B0}.Release|Any CPU.Build.0 = Release|Any CPU
		{8717E136-E6CD-4CBF-B56E-99B03BB34114}.Debug|Any CPU.ActiveCfg = Debug|Any CPU
		{8717E136-E6CD-4CBF-B56E-99B03BB34114}.Debug|Any CPU.Build.0 = Debug|Any CPU
		{8717E136-E6CD-4CBF-B56E-99B03BB34114}.Release|Any CPU.ActiveCfg = Release|Any CPU
		{8717E136-E6CD-4CBF-B56E-99B03BB34114}.Release|Any CPU.Build.0 = Release|Any CPU
	EndGlobalSection
	GlobalSection(SolutionProperties) = preSolution
		HideSolutionNode = FALSE
	EndGlobalSection
	GlobalSection(ExtensibilityGlobals) = postSolution
		SolutionGuid = {FCD644D8-893C-47F9-B75A-7A4252F30804}
	EndGlobalSection
EndGlobal
